
Microsoft Visual Studio Solution File, Format Version 12.00
# Visual Studio Version 17
VisualStudioVersion = 17.14.36915.13 d17.14
MinimumVisualStudioVersion = 10.0.40219.1
Project("{FAE04EC0-301F-11D3-BF4B-00C04F79EFBC}") = "ICP", "ICP.csproj", "{590D350F-EECE-878C-828D-6057DBC3C9FF}"
EndProject
Global
	GlobalSection(SolutionConfigurationPlatforms) = preSolution
		Debug|Any CPU = Debug|Any CPU
		Release|Any CPU = Release|Any CPU
	EndGlobalSection
	GlobalSection(ProjectConfigurationPlatforms) = postSolution
		{590D350F-EECE-878C-828D-6057DBC3C9FF}.Debug|Any CPU.ActiveCfg = Debug|Any CPU
		{590D350F-EECE-878C-828D-6057DBC3C9FF}.Debug|Any CPU.Build.0 = Debug|Any CPU
		{590D350F-EECE-878C-828D-6057DBC3C9FF}.Release|Any CPU.ActiveCfg = Release|Any CPU
		{590D350F-EECE-878C-828D-6057DBC3C9FF}.Release|Any CPU.Build.0 = Release|Any CPU
	EndGlobalSection
	GlobalSection(SolutionProperties) = preSolution
		HideSolutionNode = FALSE
	EndGlobalSection
	GlobalSection(ExtensibilityGlobals) = postSolution
		SolutionGuid = {87323592-342B-4134-A32D-D51F5E0AABFA}
	EndGlobalSection
EndGlobal
