
Microsoft Visual Studio Solution File, Format Version 12.00
# Visual Studio Version 17
VisualStudioVersion = 17.14.36915.13
MinimumVisualStudioVersion = 10.0.40219.1
Project("{FAE04EC0-301F-11D3-BF4B-00C04F79EFBC}") = "ICP", "ICP\ICP.csproj", "{590D350F-EECE-878C-828D-6057DBC3C9FF}"
EndProject
Project("{FAE04EC0-301F-11D3-BF4B-00C04F79EFBC}") = "TEL.IntegrationHub", "TELIntegrationHub\TEL.IntegrationHub.csproj", "{2A9EDB93-4F4C-48C6-9BB3-27A518504DEC}"
EndProject
Project("{FAE04EC0-301F-11D3-BF4B-00C04F79EFBC}") = "ICPFileGenerator", "ICPFileGenerator\ICPFileGenerator.csproj", "{E42C12C7-57AE-444D-B3D6-AD9431D4B0D9}"
EndProject
Global
	GlobalSection(SolutionConfigurationPlatforms) = preSolution
		Debug|Any CPU = Debug|Any CPU
		Debug|x64 = Debug|x64
		Debug|x86 = Debug|x86
		Release|Any CPU = Release|Any CPU
		Release|x64 = Release|x64
		Release|x86 = Release|x86
	EndGlobalSection
	GlobalSection(ProjectConfigurationPlatforms) = postSolution
		{590D350F-EECE-878C-828D-6057DBC3C9FF}.Debug|Any CPU.ActiveCfg = Debug|Any CPU
		{590D350F-EECE-878C-828D-6057DBC3C9FF}.Debug|Any CPU.Build.0 = Debug|Any CPU
		{590D350F-EECE-878C-828D-6057DBC3C9FF}.Debug|x64.ActiveCfg = Debug|Any CPU
		{590D350F-EECE-878C-828D-6057DBC3C9FF}.Debug|x64.Build.0 = Debug|Any CPU
		{590D350F-EECE-878C-828D-6057DBC3C9FF}.Debug|x86.ActiveCfg = Debug|Any CPU
		{590D350F-EECE-878C-828D-6057DBC3C9FF}.Debug|x86.Build.0 = Debug|Any CPU
		{590D350F-EECE-878C-828D-6057DBC3C9FF}.Release|Any CPU.ActiveCfg = Release|Any CPU
		{590D350F-EECE-878C-828D-6057DBC3C9FF}.Release|Any CPU.Build.0 = Release|Any CPU
		{590D350F-EECE-878C-828D-6057DBC3C9FF}.Release|x64.ActiveCfg = Release|Any CPU
		{590D350F-EECE-878C-828D-6057DBC3C9FF}.Release|x64.Build.0 = Release|Any CPU
		{590D350F-EECE-878C-828D-6057DBC3C9FF}.Release|x86.ActiveCfg = Release|Any CPU
		{590D350F-EECE-878C-828D-6057DBC3C9FF}.Release|x86.Build.0 = Release|Any CPU
		{2A9EDB93-4F4C-48C6-9BB3-27A518504DEC}.Debug|Any CPU.ActiveCfg = Debug|Any CPU
		{2A9EDB93-4F4C-48C6-9BB3-27A518504DEC}.Debug|Any CPU.Build.0 = Debug|Any CPU
		{2A9EDB93-4F4C-48C6-9BB3-27A518504DEC}.Debug|x64.ActiveCfg = Debug|Any CPU
		{2A9EDB93-4F4C-48C6-9BB3-27A518504DEC}.Debug|x64.Build.0 = Debug|Any CPU
		{2A9EDB93-4F4C-48C6-9BB3-27A518504DEC}.Debug|x86.ActiveCfg = Debug|Any CPU
		{2A9EDB93-4F4C-48C6-9BB3-27A518504DEC}.Debug|x86.Build.0 = Debug|Any CPU
		{2A9EDB93-4F4C-48C6-9BB3-27A518504DEC}.Release|Any CPU.ActiveCfg = Release|Any CPU
		{2A9EDB93-4F4C-48C6-9BB3-27A518504DEC}.Release|Any CPU.Build.0 = Release|Any CPU
		{2A9EDB93-4F4C-48C6-9BB3-27A518504DEC}.Release|x64.ActiveCfg = Release|Any CPU
		{2A9EDB93-4F4C-48C6-9BB3-27A518504DEC}.Release|x64.Build.0 = Release|Any CPU
		{2A9EDB93-4F4C-48C6-9BB3-27A518504DEC}.Release|x86.ActiveCfg = Release|Any CPU
		{2A9EDB93-4F4C-48C6-9BB3-27A518504DEC}.Release|x86.Build.0 = Release|Any CPU
		{E42C12C7-57AE-444D-B3D6-AD9431D4B0D9}.Debug|Any CPU.ActiveCfg = Debug|Any CPU
		{E42C12C7-57AE-444D-B3D6-AD9431D4B0D9}.Debug|Any CPU.Build.0 = Debug|Any CPU
		{E42C12C7-57AE-444D-B3D6-AD9431D4B0D9}.Debug|x64.ActiveCfg = Debug|Any CPU
		{E42C12C7-57AE-444D-B3D6-AD9431D4B0D9}.Debug|x64.Build.0 = Debug|Any CPU
		{E42C12C7-57AE-444D-B3D6-AD9431D4B0D9}.Debug|x86.ActiveCfg = Debug|Any CPU
		{E42C12C7-57AE-444D-B3D6-AD9431D4B0D9}.Debug|x86.Build.0 = Debug|Any CPU
		{E42C12C7-57AE-444D-B3D6-AD9431D4B0D9}.Release|Any CPU.ActiveCfg = Release|Any CPU
		{E42C12C7-57AE-444D-B3D6-AD9431D4B0D9}.Release|Any CPU.Build.0 = Release|Any CPU
		{E42C12C7-57AE-444D-B3D6-AD9431D4B0D9}.Release|x64.ActiveCfg = Release|Any CPU
		{E42C12C7-57AE-444D-B3D6-AD9431D4B0D9}.Release|x64.Build.0 = Release|Any CPU
		{E42C12C7-57AE-444D-B3D6-AD9431D4B0D9}.Release|x86.ActiveCfg = Release|Any CPU
		{E42C12C7-57AE-444D-B3D6-AD9431D4B0D9}.Release|x86.Build.0 = Release|Any CPU
	EndGlobalSection
	GlobalSection(SolutionProperties) = preSolution
		HideSolutionNode = FALSE
	EndGlobalSection
	GlobalSection(ExtensibilityGlobals) = postSolution
		SolutionGuid = {87323592-342B-4134-A32D-D51F5E0AABFA}
	EndGlobalSection
EndGlobal
